
Microsoft Visual Studio Solution File, Format Version 12.00
# Visual Studio Version 17
VisualStudioVersion = 17.12.35521.163 d17.12
MinimumVisualStudioVersion = 10.0.40219.1
Project("{FAE04EC0-301F-11D3-BF4B-00C04F79EFBC}") = "bgt1_gorsel_18Ara-4", "bgt1_gorsel_18Ara-4\bgt1_gorsel_18Ara-4.csproj", "{AACA39E0-2F3D-4BE6-9905-A668449931DA}"
EndProject
Global
	GlobalSection(SolutionConfigurationPlatforms) = preSolution
		Debug|Any CPU = Debug|Any CPU
		Release|Any CPU = Release|Any CPU
	EndGlobalSection
	GlobalSection(ProjectConfigurationPlatforms) = postSolution
		{AACA39E0-2F3D-4BE6-9905-A668449931DA}.Debug|Any CPU.ActiveCfg = Debug|Any CPU
		{AACA39E0-2F3D-4BE6-9905-A668449931DA}.Debug|Any CPU.Build.0 = Debug|Any CPU
		{AACA39E0-2F3D-4BE6-9905-A668449931DA}.Release|Any CPU.ActiveCfg = Release|Any CPU
		{AACA39E0-2F3D-4BE6-9905-A668449931DA}.Release|Any CPU.Build.0 = Release|Any CPU
	EndGlobalSection
	GlobalSection(SolutionProperties) = preSolution
		HideSolutionNode = FALSE
	EndGlobalSection
EndGlobal
